PODS:
  - SnapKit (4.0.0)
  - TFSegment (1.0.0):
    - SnapKit
    - TFSegment/Custom (= 1.0.0)
  - TFSegment/Custom (1.0.0):
    - SnapKit

DEPENDENCIES:
  - SnapKit
  - TFSegment (from `https://github.com/554994782/TFSegment.git`, branch `develop`)

SPEC REPOS:
  https://github.com/CocoaPods/Specs.git:
    - SnapKit

EXTERNAL SOURCES:
  TFSegment:
    :branch: develop
    :git: https://github.com/554994782/TFSegment.git

CHECKOUT OPTIONS:
  TFSegment:
    :commit: 6a4cd6b8678e9e7cb53094565b48ba9f2598a1fb
    :git: https://github.com/554994782/TFSegment.git

SPEC CHECKSUMS:
  SnapKit: a42d492c16e80209130a3379f73596c3454b7694
  TFSegment: 19b72298e9d5f34eb54f3c50970e4f34af7543e2

PODFILE CHECKSUM: 2538c40e3f91134ab4988d0a96ffd7d957161ff3

COCOAPODS: 1.5.0
